// !$*UTF8*$!
{
	archiveVersion = 1;
	classes = {
	};
	objectVersion = 50;
	objects = {

/* Begin PBXBuildFile section */
		079E4EDE94FADAAC5DD8D5B8 /* Pods_recycling.framework in Frameworks */ = {isa = PBXBuildFile; fileRef = C6FDFC04F71DDBD4F2136255 /* Pods_recycling.framework */; };
		750BA6D82274A95E003DA132 /* AppDelegate.swift in Sources */ = {isa = PBXBuildFile; fileRef = 750BA6D72274A95E003DA132 /* AppDelegate.swift */; };
		750BA6DA2274A95E003DA132 /* ViewController.swift in Sources */ = {isa = PBXBuildFile; fileRef = 750BA6D92274A95E003DA132 /* ViewController.swift */; };
		750BA6DD2274A95E003DA132 /* Main.storyboard in Resources */ = {isa = PBXBuildFile; fileRef = 750BA6DB2274A95E003DA132 /* Main.storyboard */; };
		750BA6DF2274A95F003DA132 /* Assets.xcassets in Resources */ = {isa = PBXBuildFile; fileRef = 750BA6DE2274A95F003DA132 /* Assets.xcassets */; };
		750BA6E22274A95F003DA132 /* LaunchScreen.storyboard in Resources */ = {isa = PBXBuildFile; fileRef = 750BA6E02274A95F003DA132 /* LaunchScreen.storyboard */; };
		750BA6F02274B491003DA132 /* Constants.swift in Sources */ = {isa = PBXBuildFile; fileRef = 750BA6EF2274B491003DA132 /* Constants.swift */; };
/* End PBXBuildFile section */

/* Begin PBXFileReference section */
		750BA6D42274A95E003DA132 /* recycling.app */ = {isa = PBXFileReference; explicitFileType = wrapper.application; includeInIndex = 0; path = recycling.app; sourceTree = BUILT_PRODUCTS_DIR; };
		750BA6D72274A95E003DA132 /* AppDelegate.swift */ = {isa = PBXFileReference; lastKnownFileType = sourcecode.swift; path = AppDelegate.swift; sourceTree = "<group>"; };
		750BA6D92274A95E003DA132 /* ViewController.swift */ = {isa = PBXFileReference; lastKnownFileType = sourcecode.swift; path = ViewController.swift; sourceTree = "<group>"; };
		750BA6DC2274A95E003DA132 /* Base */ = {isa = PBXFileReference; lastKnownFileType = file.storyboard; name = Base; path = Base.lproj/Main.storyboard; sourceTree = "<group>"; };
		750BA6DE2274A95F003DA132 /* Assets.xcassets */ = {isa = PBXFileReference; lastKnownFileType = folder.assetcatalog; path = Assets.xcassets; sourceTree = "<group>"; };
		750BA6E12274A95F003DA132 /* Base */ = {isa = PBXFileReference; lastKnownFileType = file.storyboard; name = Base; path = Base.lproj/LaunchScreen.storyboard; sourceTree = "<group>"; };
		750BA6E32274A95F003DA132 /* Info.plist */ = {isa = PBXFileReference; lastKnownFileType = text.plist.xml; path = Info.plist; sourceTree = "<group>"; };
		750BA6EF2274B491003DA132 /* Constants.swift */ = {isa = PBXFileReference; lastKnownFileType = sourcecode.swift; path = Constants.swift; sourceTree = "<group>"; };
		B2F014E09F21CAA22E4474F0 /* Pods-recycling.debug.xcconfig */ = {isa = PBXFileReference; includeInIndex = 1; lastKnownFileType = text.xcconfig; name = "Pods-recycling.debug.xcconfig"; path = "Target Support Files/Pods-recycling/Pods-recycling.debug.xcconfig"; sourceTree = "<group>"; };
		C6FDFC04F71DDBD4F2136255 /* Pods_recycling.framework */ = {isa = PBXFileReference; explicitFileType = wrapper.framework; includeInIndex = 0; path = Pods_recycling.framework; sourceTree = BUILT_PRODUCTS_DIR; };
		EFAD7C0DDE2086D2750A2397 /* Pods-recycling.release.xcconfig */ = {isa = PBXFileReference; includeInIndex = 1; lastKnownFileType = text.xcconfig; name = "Pods-recycling.release.xcconfig"; path = "Target Support Files/Pods-recycling/Pods-recycling.release.xcconfig"; sourceTree = "<group>"; };
/* End PBXFileReference section */

/* Begin PBXFrameworksBuildPhase section */
		750BA6D12274A95E003DA132 /* Frameworks */ = {
			isa = PBXFrameworksBuildPhase;
			buildActionMask = 2147483647;
			files = (
				079E4EDE94FADAAC5DD8D5B8 /* Pods_recycling.framework in Frameworks */,
			);
			runOnlyForDeploymentPostprocessing = 0;
		};
/* End PBXFrameworksBuildPhase section */

/* Begin PBXGroup section */
		3AAA8869E2F6708A65A9409A /* Frameworks */ = {
			isa = PBXGroup;
			children = (
				C6FDFC04F71DDBD4F2136255 /* Pods_recycling.framework */,
			);
			name = Frameworks;
			sourceTree = "<group>";
		};
		3BA894A81871712FEF2A47CE /* Pods */ = {
			isa = PBXGroup;
			children = (
				B2F014E09F21CAA22E4474F0 /* Pods-recycling.debug.xcconfig */,
				EFAD7C0DDE2086D2750A2397 /* Pods-recycling.release.xcconfig */,
			);
			path = Pods;
			sourceTree = "<group>";
		};
		750BA6CB2274A95E003DA132 = {
			isa = PBXGroup;
			children = (
				750BA6D62274A95E003DA132 /* recycling */,
				750BA6D52274A95E003DA132 /* Products */,
				3BA894A81871712FEF2A47CE /* Pods */,
				3AAA8869E2F6708A65A9409A /* Frameworks */,
			);
			sourceTree = "<group>";
		};
		750BA6D52274A95E003DA132 /* Products */ = {
			isa = PBXGroup;
			children = (
				750BA6D42274A95E003DA132 /* recycling.app */,
			);
			name = Products;
			sourceTree = "<group>";
		};
		750BA6D62274A95E003DA132 /* recycling */ = {
			isa = PBXGroup;
			children = (
				750BA6F12274B4CB003DA132 /* Models */,
				750BA6EE2274B440003DA132 /* Resources */,
				750BA6ED2274B420003DA132 /* Controllers */,
				750BA6EC2274B412003DA132 /* Constants */,
				750BA6EB2274B3D4003DA132 /* Extensions */,
				750BA6EA2274B3C6003DA132 /* Utils */,
				750BA6D72274A95E003DA132 /* AppDelegate.swift */,
				750BA6D92274A95E003DA132 /* ViewController.swift */,
				750BA6DB2274A95E003DA132 /* Main.storyboard */,
				750BA6E02274A95F003DA132 /* LaunchScreen.storyboard */,
				750BA6E32274A95F003DA132 /* Info.plist */,
			);
			path = recycling;
			sourceTree = "<group>";
		};
		750BA6EA2274B3C6003DA132 /* Utils */ = {
			isa = PBXGroup;
			children = (
			);
			path = Utils;
			sourceTree = "<group>";
		};
		750BA6EB2274B3D4003DA132 /* Extensions */ = {
			isa = PBXGroup;
			children = (
			);
			path = Extensions;
			sourceTree = "<group>";
		};
		750BA6EC2274B412003DA132 /* Constants */ = {
			isa = PBXGroup;
			children = (
				750BA6EF2274B491003DA132 /* Constants.swift */,
			);
			path = Constants;
			sourceTree = "<group>";
		};
		750BA6ED2274B420003DA132 /* Controllers */ = {
			isa = PBXGroup;
			children = (
			);
			path = Controllers;
			sourceTree = "<group>";
		};
		750BA6EE2274B440003DA132 /* Resources */ = {
			isa = PBXGroup;
			children = (
				750BA6DE2274A95F003DA132 /* Assets.xcassets */,
			);
			path = Resources;
			sourceTree = "<group>";
		};
		750BA6F12274B4CB003DA132 /* Models */ = {
			isa = PBXGroup;
			children = (
			);
			path = Models;
			sourceTree = "<group>";
		};
/* End PBXGroup section */

/* Begin PBXNativeTarget section */
		750BA6D32274A95E003DA132 /* recycling */ = {
			isa = PBXNativeTarget;
			buildConfigurationList = 750BA6E62274A95F003DA132 /* Build configuration list for PBXNativeTarget "recycling" */;
			buildPhases = (
				F8C382016DF20857A3FC148C /* [CP] Check Pods Manifest.lock */,
				750BA6D02274A95E003DA132 /* Sources */,
				750BA6D12274A95E003DA132 /* Frameworks */,
				750BA6D22274A95E003DA132 /* Resources */,
				F1D86F16FB74FD04285CF683 /* [CP] Copy Pods Resources */,
			);
			buildRules = (
			);
			dependencies = (
			);
			name = recycling;
			productName = recycling;
			productReference = 750BA6D42274A95E003DA132 /* recycling.app */;
			productType = "com.apple.product-type.application";
		};
/* End PBXNativeTarget section */

/* Begin PBXProject section */
		750BA6CC2274A95E003DA132 /* Project object */ = {
			isa = PBXProject;
			attributes = {
				LastSwiftUpdateCheck = 1010;
				LastUpgradeCheck = 1010;
				ORGANIZATIONNAME = nikolaypuliaev;
				TargetAttributes = {
					750BA6D32274A95E003DA132 = {
						CreatedOnToolsVersion = 10.1;
					};
				};
			};
			buildConfigurationList = 750BA6CF2274A95E003DA132 /* Build configuration list for PBXProject "recycling" */;
			compatibilityVersion = "Xcode 9.3";
			developmentRegion = en;
			hasScannedForEncodings = 0;
			knownRegions = (
				en,
				Base,
			);
			mainGroup = 750BA6CB2274A95E003DA132;
			productRefGroup = 750BA6D52274A95E003DA132 /* Products */;
			projectDirPath = "";
			projectRoot = "";
			targets = (
				750BA6D32274A95E003DA132 /* recycling */,
			);
		};
/* End PBXProject section */

/* Begin PBXResourcesBuildPhase section */
		750BA6D22274A95E003DA132 /* Resources */ = {
			isa = PBXResourcesBuildPhase;
			buildActionMask = 2147483647;
			files = (
				750BA6E22274A95F003DA132 /* LaunchScreen.storyboard in Resources */,
				750BA6DF2274A95F003DA132 /* Assets.xcassets in Resources */,
				750BA6DD2274A95E003DA132 /* Main.storyboard in Resources */,
			);
			runOnlyForDeploymentPostprocessing = 0;
		};
/* End PBXResourcesBuildPhase section */

/* Begin PBXShellScriptBuildPhase section */
		F1D86F16FB74FD04285CF683 /* [CP] Copy Pods Resources */ = {
			isa = PBXShellScriptBuildPhase;
			buildActionMask = 2147483647;
			files = (
			);
			inputFileListPaths = (
			);
			inputPaths = (
				"${PODS_ROOT}/Target Support Files/Pods-recycling/Pods-recycling-resources.sh",
				"${PODS_ROOT}/GoogleMaps/Maps/Frameworks/GoogleMaps.framework/Resources/GoogleMaps.bundle",
				"${PODS_ROOT}/GooglePlaces/Frameworks/GooglePlaces.framework/Resources/GooglePlaces.bundle",
			);
			name = "[CP] Copy Pods Resources";
			outputFileListPaths = (
			);
			outputPaths = (
				"${TARGET_BUILD_DIR}/${UNLOCALIZED_RESOURCES_FOLDER_PATH}/GoogleMaps.bundle",
				"${TARGET_BUILD_DIR}/${UNLOCALIZED_RESOURCES_FOLDER_PATH}/GooglePlaces.bundle",
			);
			runOnlyForDeploymentPostprocessing = 0;
			shellPath = /bin/sh;
			shellScript = "\"${PODS_ROOT}/Target Support Files/Pods-recycling/Pods-recycling-resources.sh\"\n";
			showEnvVarsInLog = 0;
		};
		F8C382016DF20857A3FC148C /* [CP] Check Pods Manifest.lock */ = {
			isa = PBXShellScriptBuildPhase;
			buildActionMask = 2147483647;
			files = (
			);
			inputFileListPaths = (
			);
			inputPaths = (
				"${PODS_PODFILE_DIR_PATH}/Podfile.lock",
				"${PODS_ROOT}/Manifest.lock",
			);
			name = "[CP] Check Pods Manifest.lock";
			outputFileListPaths = (
			);
			outputPaths = (
				"$(DERIVED_FILE_DIR)/Pods-recycling-checkManifestLockResult.txt",
			);
			runOnlyForDeploymentPostprocessing = 0;
			shellPath = /bin/sh;
			shellScript = "diff \"${PODS_PODFILE_DIR_PATH}/Podfile.lock\" \"${PODS_ROOT}/Manifest.lock\" > /dev/null\nif [ $? != 0 ] ; then\n    # print error to STDERR\n    echo \"error: The sandbox is not in sync with the Podfile.lock. Run 'pod install' or update your CocoaPods installation.\" >&2\n    exit 1\nfi\n# This output is used by Xcode 'outputs' to avoid re-running this script phase.\necho \"SUCCESS\" > \"${SCRIPT_OUTPUT_FILE_0}\"\n";
			showEnvVarsInLog = 0;
		};
/* End PBXShellScriptBuildPhase section */

/* Begin PBXSourcesBuildPhase section */
		750BA6D02274A95E003DA132 /* Sources */ = {
			isa = PBXSourcesBuildPhase;
			buildActionMask = 2147483647;
			files = (
				750BA6DA2274A95E003DA132 /* ViewController.swift in Sources */,
				750BA6D82274A95E003DA132 /* AppDelegate.swift in Sources */,
				750BA6F02274B491003DA132 /* Constants.swift in Sources */,
			);
			runOnlyForDeploymentPostprocessing = 0;
		};
/* End PBXSourcesBuildPhase section */

/* Begin PBXVariantGroup section */
		750BA6DB2274A95E003DA132 /* Main.storyboard */ = {
			isa = PBXVariantGroup;
			children = (
				750BA6DC2274A95E003DA132 /* Base */,
			);
			name = Main.storyboard;
			sourceTree = "<group>";
		};
		750BA6E02274A95F003DA132 /* LaunchScreen.storyboard */ = {
			isa = PBXVariantGroup;
			children = (
				750BA6E12274A95F003DA132 /* Base */,
			);
			name = LaunchScreen.storyboard;
			sourceTree = "<group>";
		};
/* End PBXVariantGroup section */

/* Begin XCBuildConfiguration section */
		750BA6E42274A95F003DA132 /* Debug */ = {
			isa = XCBuildConfiguration;
			buildSettings = {
				ALWAYS_SEARCH_USER_PATHS = NO;
				CLANG_ANALYZER_NONNULL = YES;
				CLANG_ANALYZER_NUMBER_OBJECT_CONVERSION = YES_AGGRESSIVE;
				CLANG_CXX_LANGUAGE_STANDARD = "gnu++14";
				CLANG_CXX_LIBRARY = "libc++";
				CLANG_ENABLE_MODULES = YES;
				CLANG_ENABLE_OBJC_ARC = YES;
				CLANG_ENABLE_OBJC_WEAK = YES;
				CLANG_WARN_BLOCK_CAPTURE_AUTORELEASING = YES;
				CLANG_WARN_BOOL_CONVERSION = YES;
				CLANG_WARN_COMMA = YES;
				CLANG_WARN_CONSTANT_CONVERSION = YES;
				CLANG_WARN_DEPRECATED_OBJC_IMPLEMENTATIONS = YES;
				CLANG_WARN_DIRECT_OBJC_ISA_USAGE = YES_ERROR;
				CLANG_WARN_DOCUMENTATION_COMMENTS = YES;
				CLANG_WARN_EMPTY_BODY = YES;
				CLANG_WARN_ENUM_CONVERSION = YES;
				CLANG_WARN_INFINITE_RECURSION = YES;
				CLANG_WARN_INT_CONVERSION = YES;
				CLANG_WARN_NON_LITERAL_NULL_CONVERSION = YES;
				CLANG_WARN_OBJC_IMPLICIT_RETAIN_SELF = YES;
				CLANG_WARN_OBJC_LITERAL_CONVERSION = YES;
				CLANG_WARN_OBJC_ROOT_CLASS = YES_ERROR;
				CLANG_WARN_RANGE_LOOP_ANALYSIS = YES;
				CLANG_WARN_STRICT_PROTOTYPES = YES;
				CLANG_WARN_SUSPICIOUS_MOVE = YES;
				CLANG_WARN_UNGUARDED_AVAILABILITY = YES_AGGRESSIVE;
				CLANG_WARN_UNREACHABLE_CODE = YES;
				CLANG_WARN__DUPLICATE_METHOD_MATCH = YES;
				CODE_SIGN_IDENTITY = "iPhone Developer";
				COPY_PHASE_STRIP = NO;
				DEBUG_INFORMATION_FORMAT = dwarf;
				ENABLE_STRICT_OBJC_MSGSEND = YES;
				ENABLE_TESTABILITY = YES;
				GCC_C_LANGUAGE_STANDARD = gnu11;
				GCC_DYNAMIC_NO_PIC = NO;
				GCC_NO_COMMON_BLOCKS = YES;
				GCC_OPTIMIZATION_LEVEL = 0;
				GCC_PREPROCESSOR_DEFINITIONS = (
					"DEBUG=1",
					"$(inherited)",
				);
				GCC_WARN_64_TO_32_BIT_CONVERSION = YES;
				GCC_WARN_ABOUT_RETURN_TYPE = YES_ERROR;
				GCC_WARN_UNDECLARED_SELECTOR = YES;
				GCC_WARN_UNINITIALIZED_AUTOS = YES_AGGRESSIVE;
				GCC_WARN_UNUSED_FUNCTION = YES;
				GCC_WARN_UNUSED_VARIABLE = YES;
				IPHONEOS_DEPLOYMENT_TARGET = 12.1;
				MTL_ENABLE_DEBUG_INFO = INCLUDE_SOURCE;
				MTL_FAST_MATH = YES;
				ONLY_ACTIVE_ARCH = YES;
				SDKROOT = iphoneos;
				SWIFT_ACTIVE_COMPILATION_CONDITIONS = DEBUG;
				SWIFT_OPTIMIZATION_LEVEL = "-Onone";
			};
			name = Debug;
		};
		750BA6E52274A95F003DA132 /* Release */ = {
			isa = XCBuildConfiguration;
			buildSettings = {
				ALWAYS_SEARCH_USER_PATHS = NO;
				CLANG_ANALYZER_NONNULL = YES;
				CLANG_ANALYZER_NUMBER_OBJECT_CONVERSION = YES_AGGRESSIVE;
				CLANG_CXX_LANGUAGE_STANDARD = "gnu++14";
				CLANG_CXX_LIBRARY = "libc++";
				CLANG_ENABLE_MODULES = YES;
				CLANG_ENABLE_OBJC_ARC = YES;
				CLANG_ENABLE_OBJC_WEAK = YES;
				CLANG_WARN_BLOCK_CAPTURE_AUTORELEASING = YES;
				CLANG_WARN_BOOL_CONVERSION = YES;
				CLANG_WARN_COMMA = YES;
				CLANG_WARN_CONSTANT_CONVERSION = YES;
				CLANG_WARN_DEPRECATED_OBJC_IMPLEMENTATIONS = YES;
				CLANG_WARN_DIRECT_OBJC_ISA_USAGE = YES_ERROR;
				CLANG_WARN_DOCUMENTATION_COMMENTS = YES;
				CLANG_WARN_EMPTY_BODY = YES;
				CLANG_WARN_ENUM_CONVERSION = YES;
				CLANG_WARN_INFINITE_RECURSION = YES;
				CLANG_WARN_INT_CONVERSION = YES;
				CLANG_WARN_NON_LITERAL_NULL_CONVERSION = YES;
				CLANG_WARN_OBJC_IMPLICIT_RETAIN_SELF = YES;
				CLANG_WARN_OBJC_LITERAL_CONVERSION = YES;
				CLANG_WARN_OBJC_ROOT_CLASS = YES_ERROR;
				CLANG_WARN_RANGE_LOOP_ANALYSIS = YES;
				CLANG_WARN_STRICT_PROTOTYPES = YES;
				CLANG_WARN_SUSPICIOUS_MOVE = YES;
				CLANG_WARN_UNGUARDED_AVAILABILITY = YES_AGGRESSIVE;
				CLANG_WARN_UNREACHABLE_CODE = YES;
				CLANG_WARN__DUPLICATE_METHOD_MATCH = YES;
				CODE_SIGN_IDENTITY = "iPhone Developer";
				COPY_PHASE_STRIP = NO;
				DEBUG_INFORMATION_FORMAT = "dwarf-with-dsym";
				ENABLE_NS_ASSERTIONS = NO;
				ENABLE_STRICT_OBJC_MSGSEND = YES;
				GCC_C_LANGUAGE_STANDARD = gnu11;
				GCC_NO_COMMON_BLOCKS = YES;
				GCC_WARN_64_TO_32_BIT_CONVERSION = YES;
				GCC_WARN_ABOUT_RETURN_TYPE = YES_ERROR;
				GCC_WARN_UNDECLARED_SELECTOR = YES;
				GCC_WARN_UNINITIALIZED_AUTOS = YES_AGGRESSIVE;
				GCC_WARN_UNUSED_FUNCTION = YES;
				GCC_WARN_UNUSED_VARIABLE = YES;
				IPHONEOS_DEPLOYMENT_TARGET = 12.1;
				MTL_ENABLE_DEBUG_INFO = NO;
				MTL_FAST_MATH = YES;
				SDKROOT = iphoneos;
				SWIFT_COMPILATION_MODE = wholemodule;
				SWIFT_OPTIMIZATION_LEVEL = "-O";
				VALIDATE_PRODUCT = YES;
			};
			name = Release;
		};
		750BA6E72274A95F003DA132 /* Debug */ = {
			isa = XCBuildConfiguration;
			baseConfigurationReference = B2F014E09F21CAA22E4474F0 /* Pods-recycling.debug.xcconfig */;
			buildSettings = {
				ASSETCATALOG_COMPILER_APPICON_NAME = AppIcon;
				CODE_SIGN_STYLE = Automatic;
				INFOPLIST_FILE = recycling/Info.plist;
				IPHONEOS_DEPLOYMENT_TARGET = 11.0;
				LD_RUNPATH_SEARCH_PATHS = (
					"$(inherited)",
					"@executable_path/Frameworks",
				);
				PRODUCT_BUNDLE_IDENTIFIER = com.nikolaypuliaev.recycling;
				PRODUCT_NAME = "$(TARGET_NAME)";
				SWIFT_VERSION = 4.2;
				TARGETED_DEVICE_FAMILY = 1;
			};
			name = Debug;
		};
		750BA6E82274A95F003DA132 /* Release */ = {
			isa = XCBuildConfiguration;
			baseConfigurationReference = EFAD7C0DDE2086D2750A2397 /* Pods-recycling.release.xcconfig */;
			buildSettings = {
				ASSETCATALOG_COMPILER_APPICON_NAME = AppIcon;
				CODE_SIGN_STYLE = Automatic;
				INFOPLIST_FILE = recycling/Info.plist;
				IPHONEOS_DEPLOYMENT_TARGET = 11.0;
				LD_RUNPATH_SEARCH_PATHS = (
					"$(inherited)",
					"@executable_path/Frameworks",
				);
				PRODUCT_BUNDLE_IDENTIFIER = com.nikolaypuliaev.recycling;
				PRODUCT_NAME = "$(TARGET_NAME)";
				SWIFT_VERSION = 4.2;
				TARGETED_DEVICE_FAMILY = 1;
			};
			name = Release;
		};
/* End XCBuildConfiguration section */

/* Begin XCConfigurationList section */
		750BA6CF2274A95E003DA132 /* Build configuration list for PBXProject "recycling" */ = {
			isa = XCConfigurationList;
			buildConfigurations = (
				750BA6E42274A95F003DA132 /* Debug */,
				750BA6E52274A95F003DA132 /* Release */,
			);
			defaultConfigurationIsVisible = 0;
			defaultConfigurationName = Release;
		};
		750BA6E62274A95F003DA132 /* Build configuration list for PBXNativeTarget "recycling" */ = {
			isa = XCConfigurationList;
			buildConfigurations = (
				750BA6E72274A95F003DA132 /* Debug */,
				750BA6E82274A95F003DA132 /* Release */,
			);
			defaultConfigurationIsVisible = 0;
			defaultConfigurationName = Release;
		};
/* End XCConfigurationList section */
	};
	rootObject = 750BA6CC2274A95E003DA132 /* Project object */;
}
